
Microsoft Visual Studio Solution File, Format Version 12.00
# Visual Studio Version 17
VisualStudioVersion = 17.3.32929.385
MinimumVisualStudioVersion = 10.0.40219.1
Project("{FAE04EC0-301F-11D3-BF4B-00C04F79EFBC}") = "Blazorit.Server", "Blazorit\Server\Blazorit.Server.csproj", "{54C2FA50-7B4B-4E55-8319-53565EF41B7C}"
EndProject
Project("{FAE04EC0-301F-11D3-BF4B-00C04F79EFBC}") = "Blazorit.Client", "Blazorit\Client\Blazorit.Client.csproj", "{F8C7ECE2-CE4D-4AC8-8BEE-4AC7A089B54F}"
EndProject
Project("{FAE04EC0-301F-11D3-BF4B-00C04F79EFBC}") = "Blazorit.Shared", "Blazorit\Shared\Blazorit.Shared.csproj", "{DBCDD5BC-15F6-4B4D-AFC4-82D3E7F7F38F}"
EndProject
Global
	GlobalSection(SolutionConfigurationPlatforms) = preSolution
		Debug|Any CPU = Debug|Any CPU
		Release|Any CPU = Release|Any CPU
	EndGlobalSection
	GlobalSection(ProjectConfigurationPlatforms) = postSolution
		{54C2FA50-7B4B-4E55-8319-53565EF41B7C}.Debug|Any CPU.ActiveCfg = Debug|Any CPU
		{54C2FA50-7B4B-4E55-8319-53565EF41B7C}.Debug|Any CPU.Build.0 = Debug|Any CPU
		{54C2FA50-7B4B-4E55-8319-53565EF41B7C}.Release|Any CPU.ActiveCfg = Release|Any CPU
		{54C2FA50-7B4B-4E55-8319-53565EF41B7C}.Release|Any CPU.Build.0 = Release|Any CPU
		{F8C7ECE2-CE4D-4AC8-8BEE-4AC7A089B54F}.Debug|Any CPU.ActiveCfg = Debug|Any CPU
		{F8C7ECE2-CE4D-4AC8-8BEE-4AC7A089B54F}.Debug|Any CPU.Build.0 = Debug|Any CPU
		{F8C7ECE2-CE4D-4AC8-8BEE-4AC7A089B54F}.Release|Any CPU.ActiveCfg = Release|Any CPU
		{F8C7ECE2-CE4D-4AC8-8BEE-4AC7A089B54F}.Release|Any CPU.Build.0 = Release|Any CPU
		{DBCDD5BC-15F6-4B4D-AFC4-82D3E7F7F38F}.Debug|Any CPU.ActiveCfg = Debug|Any CPU
		{DBCDD5BC-15F6-4B4D-AFC4-82D3E7F7F38F}.Debug|Any CPU.Build.0 = Debug|Any CPU
		{DBCDD5BC-15F6-4B4D-AFC4-82D3E7F7F38F}.Release|Any CPU.ActiveCfg = Release|Any CPU
		{DBCDD5BC-15F6-4B4D-AFC4-82D3E7F7F38F}.Release|Any CPU.Build.0 = Release|Any CPU
	EndGlobalSection
	GlobalSection(SolutionProperties) = preSolution
		HideSolutionNode = FALSE
	EndGlobalSection
	GlobalSection(ExtensibilityGlobals) = postSolution
		SolutionGuid = {EE3F3B75-FACB-46DA-B08D-87D4F4033171}
	EndGlobalSection
EndGlobal
